// !$*UTF8*$!
{
	archiveVersion = 1;
	classes = {
	};
	objectVersion = 46;
	objects = {

/* Begin PBXBuildFile section */
		6E88A74B1D9F5B3C0072E073 /* SettingsViewController.swift in Sources */ = {isa = PBXBuildFile; fileRef = 6E88A74A1D9F5B3C0072E073 /* SettingsViewController.swift */; };
		6EA313941D3205B900959D10 /* AppDelegate.swift in Sources */ = {isa = PBXBuildFile; fileRef = 6EA313931D3205B900959D10 /* AppDelegate.swift */; };
		6EA313961D3205B900959D10 /* TipViewController.swift in Sources */ = {isa = PBXBuildFile; fileRef = 6EA313951D3205B900959D10 /* TipViewController.swift */; };
		6EA313991D3205B900959D10 /* Main.storyboard in Resources */ = {isa = PBXBuildFile; fileRef = 6EA313971D3205B900959D10 /* Main.storyboard */; };
		6EA3139E1D3205B900959D10 /* LaunchScreen.storyboard in Resources */ = {isa = PBXBuildFile; fileRef = 6EA3139C1D3205B900959D10 /* LaunchScreen.storyboard */; };
		6EC51FF11D3341EE00F89635 /* Assets.xcassets in Resources */ = {isa = PBXBuildFile; fileRef = 6EC51FF01D3341EE00F89635 /* Assets.xcassets */; };
/* End PBXBuildFile section */

/* Begin PBXFileReference section */
		6E88A74A1D9F5B3C0072E073 /* SettingsViewController.swift */ = {isa = PBXFileReference; fileEncoding = 4; lastKnownFileType = sourcecode.swift; path = SettingsViewController.swift; sourceTree = "<group>"; };
		6EA313901D3205B900959D10 /* Tipsify.app */ = {isa = PBXFileReference; explicitFileType = wrapper.application; includeInIndex = 0; path = Tipsify.app; sourceTree = BUILT_PRODUCTS_DIR; };
		6EA313931D3205B900959D10 /* AppDelegate.swift */ = {isa = PBXFileReference; lastKnownFileType = sourcecode.swift; path = AppDelegate.swift; sourceTree = "<group>"; };
		6EA313951D3205B900959D10 /* TipViewController.swift */ = {isa = PBXFileReference; lastKnownFileType = sourcecode.swift; path = TipViewController.swift; sourceTree = "<group>"; };
		6EA313981D3205B900959D10 /* Base */ = {isa = PBXFileReference; lastKnownFileType = file.storyboard; name = Base; path = Base.lproj/Main.storyboard; sourceTree = "<group>"; };
		6EA3139D1D3205B900959D10 /* Base */ = {isa = PBXFileReference; lastKnownFileType = file.storyboard; name = Base; path = Base.lproj/LaunchScreen.storyboard; sourceTree = "<group>"; };
		6EA3139F1D3205B900959D10 /* Info.plist */ = {isa = PBXFileReference; lastKnownFileType = text.plist.xml; path = Info.plist; sourceTree = "<group>"; };
		6EC51FF01D3341EE00F89635 /* Assets.xcassets */ = {isa = PBXFileReference; lastKnownFileType = folder.assetcatalog; path = Assets.xcassets; sourceTree = SOURCE_ROOT; };
/* End PBXFileReference section */

/* Begin PBXFrameworksBuildPhase section */
		6EA3138D1D3205B900959D10 /* Frameworks */ = {
			isa = PBXFrameworksBuildPhase;
			buildActionMask = 2147483647;
			files = (
			);
			runOnlyForDeploymentPostprocessing = 0;
		};
/* End PBXFrameworksBuildPhase section */

/* Begin PBXGroup section */
		6EA313871D3205B900959D10 = {
			isa = PBXGroup;
			children = (
				6EA313921D3205B900959D10 /* Tipsify */,
				6EA313911D3205B900959D10 /* Products */,
			);
			sourceTree = "<group>";
		};
		6EA313911D3205B900959D10 /* Products */ = {
			isa = PBXGroup;
			children = (
				6EA313901D3205B900959D10 /* Tipsify.app */,
			);
			name = Products;
			sourceTree = "<group>";
		};
		6EA313921D3205B900959D10 /* Tipsify */ = {
			isa = PBXGroup;
			children = (
				6EA313931D3205B900959D10 /* AppDelegate.swift */,
				6EA313951D3205B900959D10 /* TipViewController.swift */,
				6EA313971D3205B900959D10 /* Main.storyboard */,
				6E88A74A1D9F5B3C0072E073 /* SettingsViewController.swift */,
				6EC51FF01D3341EE00F89635 /* Assets.xcassets */,
				6EA3139C1D3205B900959D10 /* LaunchScreen.storyboard */,
				6EA3139F1D3205B900959D10 /* Info.plist */,
			);
			path = Tipsify;
			sourceTree = "<group>";
		};
/* End PBXGroup section */

/* Begin PBXNativeTarget section */
		6EA3138F1D3205B900959D10 /* Tipsify */ = {
			isa = PBXNativeTarget;
			buildConfigurationList = 6EA313A21D3205B900959D10 /* Build configuration list for PBXNativeTarget "Tipsify" */;
			buildPhases = (
				6EA3138C1D3205B900959D10 /* Sources */,
				6EA3138D1D3205B900959D10 /* Frameworks */,
				6EA3138E1D3205B900959D10 /* Resources */,
			);
			buildRules = (
			);
			dependencies = (
			);
			name = Tipsify;
			productName = Tipsify;
			productReference = 6EA313901D3205B900959D10 /* Tipsify.app */;
			productType = "com.apple.product-type.application";
		};
/* End PBXNativeTarget section */

/* Begin PBXProject section */
		6EA313881D3205B900959D10 /* Project object */ = {
			isa = PBXProject;
			attributes = {
				LastSwiftUpdateCheck = 0730;
				LastUpgradeCheck = 0800;
				ORGANIZATIONNAME = "Zulwiyoza Putra";
				TargetAttributes = {
					6EA3138F1D3205B900959D10 = {
						CreatedOnToolsVersion = 7.3.1;
						DevelopmentTeam = 44VVQHZS45;
						LastSwiftMigration = 0800;
						ProvisioningStyle = Automatic;
					};
				};
			};
			buildConfigurationList = 6EA3138B1D3205B900959D10 /* Build configuration list for PBXProject "Tipsify" */;
			compatibilityVersion = "Xcode 3.2";
			developmentRegion = English;
			hasScannedForEncodings = 0;
			knownRegions = (
				en,
				Base,
			);
			mainGroup = 6EA313871D3205B900959D10;
			productRefGroup = 6EA313911D3205B900959D10 /* Products */;
			projectDirPath = "";
			projectRoot = "";
			targets = (
				6EA3138F1D3205B900959D10 /* Tipsify */,
			);
		};
/* End PBXProject section */

/* Begin PBXResourcesBuildPhase section */
		6EA3138E1D3205B900959D10 /* Resources */ = {
			isa = PBXResourcesBuildPhase;
			buildActionMask = 2147483647;
			files = (
				6EA3139E1D3205B900959D10 /* LaunchScreen.storyboard in Resources */,
				6EC51FF11D3341EE00F89635 /* Assets.xcassets in Resources */,
				6EA313991D3205B900959D10 /* Main.storyboard in Resources */,
			);
			runOnlyForDeploymentPostprocessing = 0;
		};
/* End PBXResourcesBuildPhase section */

/* Begin PBXSourcesBuildPhase section */
		6EA3138C1D3205B900959D10 /* Sources */ = {
			isa = PBXSourcesBuildPhase;
			buildActionMask = 2147483647;
			files = (
				6EA313961D3205B900959D10 /* TipViewController.swift in Sources */,
				6EA313941D3205B900959D10 /* AppDelegate.swift in Sources */,
				6E88A74B1D9F5B3C0072E073 /* SettingsViewController.swift in Sources */,
			);
			runOnlyForDeploymentPostprocessing = 0;
		};
/* End PBXSourcesBuildPhase section */

/* Begin PBXVariantGroup section */
		6EA313971D3205B900959D10 /* Main.storyboard */ = {
			isa = PBXVariantGroup;
			children = (
				6EA313981D3205B900959D10 /* Base */,
			);
			name = Main.storyboard;
			sourceTree = "<group>";
		};
		6EA3139C1D3205B900959D10 /* LaunchScreen.storyboard */ = {
			isa = PBXVariantGroup;
			children = (
				6EA3139D1D3205B900959D10 /* Base */,
			);
			name = LaunchScreen.storyboard;
			sourceTree = "<group>";
		};
/* End PBXVariantGroup section */

/* Begin XCBuildConfiguration section */
		6EA313A01D3205B900959D10 /* Debug */ = {
			isa = XCBuildConfiguration;
			buildSettings = {
				ALWAYS_SEARCH_USER_PATHS = NO;
				CLANG_ANALYZER_NONNULL = YES;
				CLANG_CXX_LANGUAGE_STANDARD = "gnu++0x";
				CLANG_CXX_LIBRARY = "libc++";
				CLANG_ENABLE_MODULES = YES;
				CLANG_ENABLE_OBJC_ARC = YES;
				CLANG_WARN_BOOL_CONVERSION = YES;
				CLANG_WARN_CONSTANT_CONVERSION = YES;
				CLANG_WARN_DIRECT_OBJC_ISA_USAGE = YES_ERROR;
				CLANG_WARN_EMPTY_BODY = YES;
				CLANG_WARN_ENUM_CONVERSION = YES;
				CLANG_WARN_INFINITE_RECURSION = YES;
				CLANG_WARN_INT_CONVERSION = YES;
				CLANG_WARN_OBJC_ROOT_CLASS = YES_ERROR;
				CLANG_WARN_SUSPICIOUS_MOVE = YES;
				CLANG_WARN_UNREACHABLE_CODE = YES;
				CLANG_WARN__DUPLICATE_METHOD_MATCH = YES;
				"CODE_SIGN_IDENTITY[sdk=iphoneos*]" = "iPhone Developer";
				COPY_PHASE_STRIP = NO;
				DEBUG_INFORMATION_FORMAT = dwarf;
				ENABLE_STRICT_OBJC_MSGSEND = YES;
				ENABLE_TESTABILITY = YES;
				GCC_C_LANGUAGE_STANDARD = gnu99;
				GCC_DYNAMIC_NO_PIC = NO;
				GCC_NO_COMMON_BLOCKS = YES;
				GCC_OPTIMIZATION_LEVEL = 0;
				GCC_PREPROCESSOR_DEFINITIONS = (
					"DEBUG=1",
					"$(inherited)",
				);
				GCC_WARN_64_TO_32_BIT_CONVERSION = YES;
				GCC_WARN_ABOUT_RETURN_TYPE = YES_ERROR;
				GCC_WARN_UNDECLARED_SELECTOR = YES;
				GCC_WARN_UNINITIALIZED_AUTOS = YES_AGGRESSIVE;
				GCC_WARN_UNUSED_FUNCTION = YES;
				GCC_WARN_UNUSED_VARIABLE = YES;
				IPHONEOS_DEPLOYMENT_TARGET = 10.0;
				MTL_ENABLE_DEBUG_INFO = YES;
				ONLY_ACTIVE_ARCH = YES;
				SDKROOT = iphoneos;
				SWIFT_OPTIMIZATION_LEVEL = "-Onone";
				TARGETED_DEVICE_FAMILY = "1,2";
			};
			name = Debug;
		};
		6EA313A11D3205B900959D10 /* Release */ = {
			isa = XCBuildConfiguration;
			buildSettings = {
				ALWAYS_SEARCH_USER_PATHS = NO;
				CLANG_ANALYZER_NONNULL = YES;
				CLANG_CXX_LANGUAGE_STANDARD = "gnu++0x";
				CLANG_CXX_LIBRARY = "libc++";
				CLANG_ENABLE_MODULES = YES;
				CLANG_ENABLE_OBJC_ARC = YES;
				CLANG_WARN_BOOL_CONVERSION = YES;
				CLANG_WARN_CONSTANT_CONVERSION = YES;
				CLANG_WARN_DIRECT_OBJC_ISA_USAGE = YES_ERROR;
				CLANG_WARN_EMPTY_BODY = YES;
				CLANG_WARN_ENUM_CONVERSION = YES;
				CLANG_WARN_INFINITE_RECURSION = YES;
				CLANG_WARN_INT_CONVERSION = YES;
				CLANG_WARN_OBJC_ROOT_CLASS = YES_ERROR;
				CLANG_WARN_SUSPICIOUS_MOVE = YES;
				CLANG_WARN_UNREACHABLE_CODE = YES;
				CLANG_WARN__DUPLICATE_METHOD_MATCH = YES;
				"CODE_SIGN_IDENTITY[sdk=iphoneos*]" = "iPhone Developer";
				COPY_PHASE_STRIP = NO;
				DEBUG_INFORMATION_FORMAT = "dwarf-with-dsym";
				ENABLE_NS_ASSERTIONS = NO;
				ENABLE_STRICT_OBJC_MSGSEND = YES;
				GCC_C_LANGUAGE_STANDARD = gnu99;
				GCC_NO_COMMON_BLOCKS = YES;
				GCC_WARN_64_TO_32_BIT_CONVERSION = YES;
				GCC_WARN_ABOUT_RETURN_TYPE = YES_ERROR;
				GCC_WARN_UNDECLARED_SELECTOR = YES;
				GCC_WARN_UNINITIALIZED_AUTOS = YES_AGGRESSIVE;
				GCC_WARN_UNUSED_FUNCTION = YES;
				GCC_WARN_UNUSED_VARIABLE = YES;
				IPHONEOS_DEPLOYMENT_TARGET = 10.0;
				MTL_ENABLE_DEBUG_INFO = NO;
				SDKROOT = iphoneos;
				SWIFT_OPTIMIZATION_LEVEL = "-Owholemodule";
				TARGETED_DEVICE_FAMILY = "1,2";
				VALIDATE_PRODUCT = YES;
			};
			name = Release;
		};
		6EA313A31D3205B900959D10 /* Debug */ = {
			isa = XCBuildConfiguration;
			buildSettings = {
				ASSETCATALOG_COMPILER_APPICON_NAME = AppIcon;
				CODE_SIGN_IDENTITY = "iPhone Developer";
				"CODE_SIGN_IDENTITY[sdk=iphoneos*]" = "iPhone Developer";
				DEVELOPMENT_TEAM = 44VVQHZS45;
				INFOPLIST_FILE = Tipsify/Info.plist;
				LD_RUNPATH_SEARCH_PATHS = "$(inherited) @executable_path/Frameworks";
				PRODUCT_BUNDLE_IDENTIFIER = "com.zulwiyozaputra.tipsify-app";
				PRODUCT_NAME = "$(TARGET_NAME)";
				SWIFT_VERSION = 3.0;
				TARGETED_DEVICE_FAMILY = "1,2";
			};
			name = Debug;
		};
		6EA313A41D3205B900959D10 /* Release */ = {
			isa = XCBuildConfiguration;
			buildSettings = {
				ASSETCATALOG_COMPILER_APPICON_NAME = AppIcon;
				CODE_SIGN_IDENTITY = "iPhone Developer";
				"CODE_SIGN_IDENTITY[sdk=iphoneos*]" = "iPhone Developer";
				DEVELOPMENT_TEAM = 44VVQHZS45;
				INFOPLIST_FILE = Tipsify/Info.plist;
				LD_RUNPATH_SEARCH_PATHS = "$(inherited) @executable_path/Frameworks";
				PRODUCT_BUNDLE_IDENTIFIER = "com.zulwiyozaputra.tipsify-app";
				PRODUCT_NAME = "$(TARGET_NAME)";
				SWIFT_VERSION = 3.0;
				TARGETED_DEVICE_FAMILY = "1,2";
			};
			name = Release;
		};
/* End XCBuildConfiguration section */

/* Begin XCConfigurationList section */
		6EA3138B1D3205B900959D10 /* Build configuration list for PBXProject "Tipsify" */ = {
			isa = XCConfigurationList;
			buildConfigurations = (
				6EA313A01D3205B900959D10 /* Debug */,
				6EA313A11D3205B900959D10 /* Release */,
			);
			defaultConfigurationIsVisible = 0;
			defaultConfigurationName = Release;
		};
		6EA313A21D3205B900959D10 /* Build configuration list for PBXNativeTarget "Tipsify" */ = {
			isa = XCConfigurationList;
			buildConfigurations = (
				6EA313A31D3205B900959D10 /* Debug */,
				6EA313A41D3205B900959D10 /* Release */,
			);
			defaultConfigurationIsVisible = 0;
			defaultConfigurationName = Release;
		};
/* End XCConfigurationList section */
	};
	rootObject = 6EA313881D3205B900959D10 /* Project object */;
}
